
Microsoft Visual Studio Solution File, Format Version 12.00
# Visual Studio Version 17
VisualStudioVersion = 17.3.32901.215
MinimumVisualStudioVersion = 10.0.40219.1
Project("{9A19103F-16F7-4668-BE54-9A1E7A4F7556}") = "ReactBikes", "ReactBikeRentals\ReactBikes.csproj", "{5D389E12-9AF8-48EC-A481-BF5E0794911D}"
EndProject
Global
	GlobalSection(SolutionConfigurationPlatforms) = preSolution
		Debug|Any CPU = Debug|Any CPU
		Release|Any CPU = Release|Any CPU
	EndGlobalSection
	GlobalSection(ProjectConfigurationPlatforms) = postSolution
		{5D389E12-9AF8-48EC-A481-BF5E0794911D}.Debug|Any CPU.ActiveCfg = Debug|Any CPU
		{5D389E12-9AF8-48EC-A481-BF5E0794911D}.Debug|Any CPU.Build.0 = Debug|Any CPU
		{5D389E12-9AF8-48EC-A481-BF5E0794911D}.Release|Any CPU.ActiveCfg = Release|Any CPU
		{5D389E12-9AF8-48EC-A481-BF5E0794911D}.Release|Any CPU.Build.0 = Release|Any CPU
	EndGlobalSection
	GlobalSection(SolutionProperties) = preSolution
		HideSolutionNode = FALSE
	EndGlobalSection
	GlobalSection(ExtensibilityGlobals) = postSolution
		SolutionGuid = {6D04815D-3592-40DE-8CF8-BDF8A5172B71}
	EndGlobalSection
EndGlobal
